
Microsoft Visual Studio Solution File, Format Version 12.00
# Visual Studio Version 16
VisualStudioVersion = 16.0.33529.622
MinimumVisualStudioVersion = 10.0.40219.1
Project("{FAE04EC0-301F-11D3-BF4B-00C04F79EFBC}") = "Controls_Assignment", "Controls_Assignment.csproj", "{C307CA3B-B1BA-4BCA-AB65-383DD24D77D0}"
EndProject
Global
	GlobalSection(SolutionConfigurationPlatforms) = preSolution
		Debug|Any CPU = Debug|Any CPU
		Release|Any CPU = Release|Any CPU
	EndGlobalSection
	GlobalSection(ProjectConfigurationPlatforms) = postSolution
		{C307CA3B-B1BA-4BCA-AB65-383DD24D77D0}.Debug|Any CPU.ActiveCfg = Debug|Any CPU
		{C307CA3B-B1BA-4BCA-AB65-383DD24D77D0}.Debug|Any CPU.Build.0 = Debug|Any CPU
		{C307CA3B-B1BA-4BCA-AB65-383DD24D77D0}.Release|Any CPU.ActiveCfg = Release|Any CPU
		{C307CA3B-B1BA-4BCA-AB65-383DD24D77D0}.Release|Any CPU.Build.0 = Release|Any CPU
	EndGlobalSection
	GlobalSection(SolutionProperties) = preSolution
		HideSolutionNode = FALSE
	EndGlobalSection
	GlobalSection(ExtensibilityGlobals) = postSolution
		SolutionGuid = {6D79B4C5-F7F2-499B-A693-CCC0D596015F}
	EndGlobalSection
EndGlobal
